
Microsoft Visual Studio Solution File, Format Version 12.00
# Visual Studio Version 17
VisualStudioVersion = 17.14.36414.22
MinimumVisualStudioVersion = 10.0.40219.1
Project("{2150E333-8FDC-42A3-9474-1A3956D46DE8}") = "Task0", "Task0", "{02EA681E-C7D8-13C7-8484-4AC65E1B71E8}"
EndProject
Project("{FAE04EC0-301F-11D3-BF4B-00C04F79EFBC}") = "Tyuiu.AlekseevaVA.Sprint1.Task0.V10", "Tyuiu.AlekseevaVA.Sprint1.Task0.V10\Tyuiu.AlekseevaVA.Sprint1.Task0.V10.csproj", "{2B0B1A31-EDD6-45FD-AA69-C445D508FADA}"
EndProject
Project("{FAE04EC0-301F-11D3-BF4B-00C04F79EFBC}") = "Tyuiu.AlekseevaVA.Sprint1.Task0.V10.Lib", "Tyuiu.AlekseevaVA.Sprint1.Task0.V10.Lib\Tyuiu.AlekseevaVA.Sprint1.Task0.V10.Lib.csproj", "{71E4C970-8A11-474B-B29A-691652330714}"
EndProject
Project("{FAE04EC0-301F-11D3-BF4B-00C04F79EFBC}") = "Tyuiu.AlekseevaVA.Sprint1.Task0.V10.Test", "Tyuiu.AlekseevaVA.Sprint1.Task0.V10.Test\Tyuiu.AlekseevaVA.Sprint1.Task0.V10.Test.csproj", "{6F6B44B0-E402-4871-8A55-5F8443E830DA}"
EndProject
Project("{2150E333-8FDC-42A3-9474-1A3956D46DE8}") = "Task1", "Task1", "{6B87D30C-8EB6-4E01-BAD1-824405F763AA}"
EndProject
Project("{FAE04EC0-301F-11D3-BF4B-00C04F79EFBC}") = "Tyuiu.AlekseevaVA.Sprint1.Task1.V1", "Tyuiu.AlekseevaVA.Sprint1.Task1.V1\Tyuiu.AlekseevaVA.Sprint1.Task1.V1.csproj", "{8490D555-D7FB-4F09-BFDE-AC76900A1205}"
EndProject
Project("{FAE04EC0-301F-11D3-BF4B-00C04F79EFBC}") = "Tyuiu.AlekseevaVA.Sprint1.Task1.V1.Lib", "Tyuiu.AlekseevaVA.Sprint1.Task1.V1.Lib\Tyuiu.AlekseevaVA.Sprint1.Task1.V1.Lib.csproj", "{36622921-C4D3-435D-AD98-ACB1423DE410}"
EndProject
Project("{FAE04EC0-301F-11D3-BF4B-00C04F79EFBC}") = "Tyuiu.AlekseevaVA.Sprint1.Task1.V1.Test", "Tyuiu.AlekseevaVA.Sprint1.Task1.V1.Test\Tyuiu.AlekseevaVA.Sprint1.Task1.V1.Test.csproj", "{6BFB5FDC-3588-45AE-879F-AF5F117C0F24}"
EndProject
Global
	GlobalSection(SolutionConfigurationPlatforms) = preSolution
		Debug|Any CPU = Debug|Any CPU
		Release|Any CPU = Release|Any CPU
	EndGlobalSection
	GlobalSection(ProjectConfigurationPlatforms) = postSolution
		{2B0B1A31-EDD6-45FD-AA69-C445D508FADA}.Debug|Any CPU.ActiveCfg = Debug|Any CPU
		{2B0B1A31-EDD6-45FD-AA69-C445D508FADA}.Debug|Any CPU.Build.0 = Debug|Any CPU
		{2B0B1A31-EDD6-45FD-AA69-C445D508FADA}.Release|Any CPU.ActiveCfg = Release|Any CPU
		{2B0B1A31-EDD6-45FD-AA69-C445D508FADA}.Release|Any CPU.Build.0 = Release|Any CPU
		{71E4C970-8A11-474B-B29A-691652330714}.Debug|Any CPU.ActiveCfg = Debug|Any CPU
		{71E4C970-8A11-474B-B29A-691652330714}.Debug|Any CPU.Build.0 = Debug|Any CPU
		{71E4C970-8A11-474B-B29A-691652330714}.Release|Any CPU.ActiveCfg = Release|Any CPU
		{71E4C970-8A11-474B-B29A-691652330714}.Release|Any CPU.Build.0 = Release|Any CPU
		{6F6B44B0-E402-4871-8A55-5F8443E830DA}.Debug|Any CPU.ActiveCfg = Debug|Any CPU
		{6F6B44B0-E402-4871-8A55-5F8443E830DA}.Debug|Any CPU.Build.0 = Debug|Any CPU
		{6F6B44B0-E402-4871-8A55-5F8443E830DA}.Release|Any CPU.ActiveCfg = Release|Any CPU
		{6F6B44B0-E402-4871-8A55-5F8443E830DA}.Release|Any CPU.Build.0 = Release|Any CPU
		{8490D555-D7FB-4F09-BFDE-AC76900A1205}.Debug|Any CPU.ActiveCfg = Debug|Any CPU
		{8490D555-D7FB-4F09-BFDE-AC76900A1205}.Debug|Any CPU.Build.0 = Debug|Any CPU
		{8490D555-D7FB-4F09-BFDE-AC76900A1205}.Release|Any CPU.ActiveCfg = Release|Any CPU
		{8490D555-D7FB-4F09-BFDE-AC76900A1205}.Release|Any CPU.Build.0 = Release|Any CPU
		{36622921-C4D3-435D-AD98-ACB1423DE410}.Debug|Any CPU.ActiveCfg = Debug|Any CPU
		{36622921-C4D3-435D-AD98-ACB1423DE410}.Debug|Any CPU.Build.0 = Debug|Any CPU
		{36622921-C4D3-435D-AD98-ACB1423DE410}.Release|Any CPU.ActiveCfg = Release|Any CPU
		{36622921-C4D3-435D-AD98-ACB1423DE410}.Release|Any CPU.Build.0 = Release|Any CPU
		{6BFB5FDC-3588-45AE-879F-AF5F117C0F24}.Debug|Any CPU.ActiveCfg = Debug|Any CPU
		{6BFB5FDC-3588-45AE-879F-AF5F117C0F24}.Debug|Any CPU.Build.0 = Debug|Any CPU
		{6BFB5FDC-3588-45AE-879F-AF5F117C0F24}.Release|Any CPU.ActiveCfg = Release|Any CPU
		{6BFB5FDC-3588-45AE-879F-AF5F117C0F24}.Release|Any CPU.Build.0 = Release|Any CPU
	EndGlobalSection
	GlobalSection(SolutionProperties) = preSolution
		HideSolutionNode = FALSE
	EndGlobalSection
	GlobalSection(NestedProjects) = preSolution
		{2B0B1A31-EDD6-45FD-AA69-C445D508FADA} = {02EA681E-C7D8-13C7-8484-4AC65E1B71E8}
		{71E4C970-8A11-474B-B29A-691652330714} = {02EA681E-C7D8-13C7-8484-4AC65E1B71E8}
		{6F6B44B0-E402-4871-8A55-5F8443E830DA} = {02EA681E-C7D8-13C7-8484-4AC65E1B71E8}
		{8490D555-D7FB-4F09-BFDE-AC76900A1205} = {6B87D30C-8EB6-4E01-BAD1-824405F763AA}
		{36622921-C4D3-435D-AD98-ACB1423DE410} = {6B87D30C-8EB6-4E01-BAD1-824405F763AA}
		{6BFB5FDC-3588-45AE-879F-AF5F117C0F24} = {6B87D30C-8EB6-4E01-BAD1-824405F763AA}
	EndGlobalSection
	GlobalSection(ExtensibilityGlobals) = postSolution
		SolutionGuid = {E25ECF43-4D14-4866-9932-58C2CAAB0AE5}
	EndGlobalSection
EndGlobal
